
Microsoft Visual Studio Solution File, Format Version 12.00
# Visual Studio Version 17
VisualStudioVersion = 17.13.35806.99 d17.13
MinimumVisualStudioVersion = 10.0.40219.1
Project("{FAE04EC0-301F-11D3-BF4B-00C04F79EFBC}") = "HelloApp", "HelloApp\HelloApp.csproj", "{DEFB4AB8-D267-4ACA-8A66-522AD12D0B95}"
EndProject
Project("{FAE04EC0-301F-11D3-BF4B-00C04F79EFBC}") = "TrianglrApp", "TrianglrApp\TrianglrApp.csproj", "{DDB080BD-ABB1-4C28-A064-EAE7C3E50C75}"
EndProject
Project("{FAE04EC0-301F-11D3-BF4B-00C04F79EFBC}") = "PerfectNumApp", "PerfectNumApp\PerfectNumApp.csproj", "{B904F392-FA89-4085-A402-EF6A5EC445B1}"
EndProject
Project("{FAE04EC0-301F-11D3-BF4B-00C04F79EFBC}") = "VariablesApp", "VariablesApp\VariablesApp.csproj", "{A0A97BAC-3D4D-46B0-BC5B-0138C6C5BD9F}"
EndProject
Global
	GlobalSection(SolutionConfigurationPlatforms) = preSolution
		Debug|Any CPU = Debug|Any CPU
		Release|Any CPU = Release|Any CPU
	EndGlobalSection
	GlobalSection(ProjectConfigurationPlatforms) = postSolution
		{DEFB4AB8-D267-4ACA-8A66-522AD12D0B95}.Debug|Any CPU.ActiveCfg = Debug|Any CPU
		{DEFB4AB8-D267-4ACA-8A66-522AD12D0B95}.Debug|Any CPU.Build.0 = Debug|Any CPU
		{DEFB4AB8-D267-4ACA-8A66-522AD12D0B95}.Release|Any CPU.ActiveCfg = Release|Any CPU
		{DEFB4AB8-D267-4ACA-8A66-522AD12D0B95}.Release|Any CPU.Build.0 = Release|Any CPU
		{DDB080BD-ABB1-4C28-A064-EAE7C3E50C75}.Debug|Any CPU.ActiveCfg = Debug|Any CPU
		{DDB080BD-ABB1-4C28-A064-EAE7C3E50C75}.Debug|Any CPU.Build.0 = Debug|Any CPU
		{DDB080BD-ABB1-4C28-A064-EAE7C3E50C75}.Release|Any CPU.ActiveCfg = Release|Any CPU
		{DDB080BD-ABB1-4C28-A064-EAE7C3E50C75}.Release|Any CPU.Build.0 = Release|Any CPU
		{B904F392-FA89-4085-A402-EF6A5EC445B1}.Debug|Any CPU.ActiveCfg = Debug|Any CPU
		{B904F392-FA89-4085-A402-EF6A5EC445B1}.Debug|Any CPU.Build.0 = Debug|Any CPU
		{B904F392-FA89-4085-A402-EF6A5EC445B1}.Release|Any CPU.ActiveCfg = Release|Any CPU
		{B904F392-FA89-4085-A402-EF6A5EC445B1}.Release|Any CPU.Build.0 = Release|Any CPU
		{A0A97BAC-3D4D-46B0-BC5B-0138C6C5BD9F}.Debug|Any CPU.ActiveCfg = Debug|Any CPU
		{A0A97BAC-3D4D-46B0-BC5B-0138C6C5BD9F}.Debug|Any CPU.Build.0 = Debug|Any CPU
		{A0A97BAC-3D4D-46B0-BC5B-0138C6C5BD9F}.Release|Any CPU.ActiveCfg = Release|Any CPU
		{A0A97BAC-3D4D-46B0-BC5B-0138C6C5BD9F}.Release|Any CPU.Build.0 = Release|Any CPU
	EndGlobalSection
	GlobalSection(SolutionProperties) = preSolution
		HideSolutionNode = FALSE
	EndGlobalSection
	GlobalSection(ExtensibilityGlobals) = postSolution
		SolutionGuid = {3045E32B-38DD-4D72-B269-B06AC5B3B0A1}
	EndGlobalSection
EndGlobal
